{
  "name": "cook",
  "version": "1.0.0",
  "lockfileVersion": 1,
  "requires": true,
  "dependencies": {
    "miniprogram-render": {
      "version": "2.2.6",
      "resolved": "https://registry.npmjs.org/miniprogram-render/-/miniprogram-render-2.2.6.tgz",
      "integrity": "sha512-xBYXv5Wqv46cX7f5Vxa5J4xhgjVn3uBx4vKQfvA/0Mu3JyUA9J0cejfSgnemCmajiXCZwMmASgkZ32X3vgP65A=="
    }
  }
}
